
Microsoft Visual Studio Solution File, Format Version 12.00
# Visual Studio Version 16
VisualStudioVersion = 16.0.31729.503
MinimumVisualStudioVersion = 10.0.40219.1
Project("{FAE04EC0-301F-11D3-BF4B-00C04F79EFBC}") = "Assignment2", "Assignment2\Assignment2.csproj", "{A29505F2-AC3F-41F6-925B-550C654CC47A}"
EndProject
Global
	GlobalSection(SolutionConfigurationPlatforms) = preSolution
		Debug|Any CPU = Debug|Any CPU
		Release|Any CPU = Release|Any CPU
	EndGlobalSection
	GlobalSection(ProjectConfigurationPlatforms) = postSolution
		{A29505F2-AC3F-41F6-925B-550C654CC47A}.Debug|Any CPU.ActiveCfg = Debug|Any CPU
		{A29505F2-AC3F-41F6-925B-550C654CC47A}.Debug|Any CPU.Build.0 = Debug|Any CPU
		{A29505F2-AC3F-41F6-925B-550C654CC47A}.Release|Any CPU.ActiveCfg = Release|Any CPU
		{A29505F2-AC3F-41F6-925B-550C654CC47A}.Release|Any CPU.Build.0 = Release|Any CPU
	EndGlobalSection
	GlobalSection(SolutionProperties) = preSolution
		HideSolutionNode = FALSE
	EndGlobalSection
	GlobalSection(ExtensibilityGlobals) = postSolution
		SolutionGuid = {DC2B98EA-4B06-4A34-976F-47EB3CC67225}
	EndGlobalSection
EndGlobal
